// !$*UTF8*$!
{
	archiveVersion = 1;
	classes = {
	};
	objectVersion = 48;
	objects = {

/* Begin PBXBuildFile section */
		34384E831FF939C000E607EC /* AppDelegate.swift in Sources */ = {isa = PBXBuildFile; fileRef = 34384E821FF939C000E607EC /* AppDelegate.swift */; };
		34384E851FF939C000E607EC /* ViewController.swift in Sources */ = {isa = PBXBuildFile; fileRef = 34384E841FF939C000E607EC /* ViewController.swift */; };
		34384E881FF939C000E607EC /* Main.storyboard in Resources */ = {isa = PBXBuildFile; fileRef = 34384E861FF939C000E607EC /* Main.storyboard */; };
		34384E8A1FF939C000E607EC /* Assets.xcassets in Resources */ = {isa = PBXBuildFile; fileRef = 34384E891FF939C000E607EC /* Assets.xcassets */; };
		34384E8D1FF939C000E607EC /* LaunchScreen.storyboard in Resources */ = {isa = PBXBuildFile; fileRef = 34384E8B1FF939C000E607EC /* LaunchScreen.storyboard */; };
		AA2346C9EC31F35560A8BC18 /* Pods_SBInstargram.framework in Frameworks */ = {isa = PBXBuildFile; fileRef = 103EC1040016F3DDCDD27B01 /* Pods_SBInstargram.framework */; };
/* End PBXBuildFile section */

/* Begin PBXFileReference section */
		103EC1040016F3DDCDD27B01 /* Pods_SBInstargram.framework */ = {isa = PBXFileReference; explicitFileType = wrapper.framework; includeInIndex = 0; path = Pods_SBInstargram.framework; sourceTree = BUILT_PRODUCTS_DIR; };
		34384E7F1FF939C000E607EC /* SBInstargram.app */ = {isa = PBXFileReference; explicitFileType = wrapper.application; includeInIndex = 0; path = SBInstargram.app; sourceTree = BUILT_PRODUCTS_DIR; };
		34384E821FF939C000E607EC /* AppDelegate.swift */ = {isa = PBXFileReference; lastKnownFileType = sourcecode.swift; path = AppDelegate.swift; sourceTree = "<group>"; };
		34384E841FF939C000E607EC /* ViewController.swift */ = {isa = PBXFileReference; lastKnownFileType = sourcecode.swift; path = ViewController.swift; sourceTree = "<group>"; };
		34384E871FF939C000E607EC /* Base */ = {isa = PBXFileReference; lastKnownFileType = file.storyboard; name = Base; path = Base.lproj/Main.storyboard; sourceTree = "<group>"; };
		34384E891FF939C000E607EC /* Assets.xcassets */ = {isa = PBXFileReference; lastKnownFileType = folder.assetcatalog; path = Assets.xcassets; sourceTree = "<group>"; };
		34384E8C1FF939C000E607EC /* Base */ = {isa = PBXFileReference; lastKnownFileType = file.storyboard; name = Base; path = Base.lproj/LaunchScreen.storyboard; sourceTree = "<group>"; };
		34384E8E1FF939C000E607EC /* Info.plist */ = {isa = PBXFileReference; lastKnownFileType = text.plist.xml; path = Info.plist; sourceTree = "<group>"; };
		34384E951FF939E900E607EC /* libsqlite3.0.tbd */ = {isa = PBXFileReference; lastKnownFileType = "sourcecode.text-based-dylib-definition"; name = libsqlite3.0.tbd; path = usr/lib/libsqlite3.0.tbd; sourceTree = SDKROOT; };
		34384E971FF939F800E607EC /* libz.tbd */ = {isa = PBXFileReference; lastKnownFileType = "sourcecode.text-based-dylib-definition"; name = libz.tbd; path = usr/lib/libz.tbd; sourceTree = SDKROOT; };
		34384E991FF93A0400E607EC /* AudioToolbox.framework */ = {isa = PBXFileReference; lastKnownFileType = wrapper.framework; name = AudioToolbox.framework; path = System/Library/Frameworks/AudioToolbox.framework; sourceTree = SDKROOT; };
		34384E9B1FF93A0D00E607EC /* CFNetwork.framework */ = {isa = PBXFileReference; lastKnownFileType = wrapper.framework; name = CFNetwork.framework; path = System/Library/Frameworks/CFNetwork.framework; sourceTree = SDKROOT; };
		34384E9D1FF93A1200E607EC /* CoreGraphics.framework */ = {isa = PBXFileReference; lastKnownFileType = wrapper.framework; name = CoreGraphics.framework; path = System/Library/Frameworks/CoreGraphics.framework; sourceTree = SDKROOT; };
		34384E9F1FF93A1800E607EC /* CoreLocation.framework */ = {isa = PBXFileReference; lastKnownFileType = wrapper.framework; name = CoreLocation.framework; path = System/Library/Frameworks/CoreLocation.framework; sourceTree = SDKROOT; };
		34384EA11FF93A1D00E607EC /* QuartzCore.framework */ = {isa = PBXFileReference; lastKnownFileType = wrapper.framework; name = QuartzCore.framework; path = System/Library/Frameworks/QuartzCore.framework; sourceTree = SDKROOT; };
		34384EA31FF93A2200E607EC /* Security.framework */ = {isa = PBXFileReference; lastKnownFileType = wrapper.framework; name = Security.framework; path = System/Library/Frameworks/Security.framework; sourceTree = SDKROOT; };
		34384EA51FF93A2600E607EC /* StoreKit.framework */ = {isa = PBXFileReference; lastKnownFileType = wrapper.framework; name = StoreKit.framework; path = System/Library/Frameworks/StoreKit.framework; sourceTree = SDKROOT; };
		34384EA71FF93A2D00E607EC /* SystemConfiguration.framework */ = {isa = PBXFileReference; lastKnownFileType = wrapper.framework; name = SystemConfiguration.framework; path = System/Library/Frameworks/SystemConfiguration.framework; sourceTree = SDKROOT; };
		8C78281E43C26CA98F805A2B /* Pods-SBInstargram.debug.xcconfig */ = {isa = PBXFileReference; includeInIndex = 1; lastKnownFileType = text.xcconfig; name = "Pods-SBInstargram.debug.xcconfig"; path = "Pods/Target Support Files/Pods-SBInstargram/Pods-SBInstargram.debug.xcconfig"; sourceTree = "<group>"; };
		B4BE7B82B2CD2F45FAE26241 /* Pods-SBInstargram.release.xcconfig */ = {isa = PBXFileReference; includeInIndex = 1; lastKnownFileType = text.xcconfig; name = "Pods-SBInstargram.release.xcconfig"; path = "Pods/Target Support Files/Pods-SBInstargram/Pods-SBInstargram.release.xcconfig"; sourceTree = "<group>"; };
/* End PBXFileReference section */

/* Begin PBXFrameworksBuildPhase section */
		34384E7C1FF939C000E607EC /* Frameworks */ = {
			isa = PBXFrameworksBuildPhase;
			buildActionMask = 2147483647;
			files = (
				AA2346C9EC31F35560A8BC18 /* Pods_SBInstargram.framework in Frameworks */,
			);
			runOnlyForDeploymentPostprocessing = 0;
		};
/* End PBXFrameworksBuildPhase section */

/* Begin PBXGroup section */
		34384E761FF939C000E607EC = {
			isa = PBXGroup;
			children = (
				34384E811FF939C000E607EC /* SBInstargram */,
				34384E801FF939C000E607EC /* Products */,
				34384E941FF939E900E607EC /* Frameworks */,
				5E679A5F230F2C05D2534A46 /* Pods */,
			);
			sourceTree = "<group>";
		};
		34384E801FF939C000E607EC /* Products */ = {
			isa = PBXGroup;
			children = (
				34384E7F1FF939C000E607EC /* SBInstargram.app */,
			);
			name = Products;
			sourceTree = "<group>";
		};
		34384E811FF939C000E607EC /* SBInstargram */ = {
			isa = PBXGroup;
			children = (
				34384E821FF939C000E607EC /* AppDelegate.swift */,
				34384E841FF939C000E607EC /* ViewController.swift */,
				34384E861FF939C000E607EC /* Main.storyboard */,
				34384E891FF939C000E607EC /* Assets.xcassets */,
				34384E8B1FF939C000E607EC /* LaunchScreen.storyboard */,
				34384E8E1FF939C000E607EC /* Info.plist */,
			);
			path = SBInstargram;
			sourceTree = "<group>";
		};
		34384E941FF939E900E607EC /* Frameworks */ = {
			isa = PBXGroup;
			children = (
				34384EA71FF93A2D00E607EC /* SystemConfiguration.framework */,
				34384EA51FF93A2600E607EC /* StoreKit.framework */,
				34384EA31FF93A2200E607EC /* Security.framework */,
				34384EA11FF93A1D00E607EC /* QuartzCore.framework */,
				34384E9F1FF93A1800E607EC /* CoreLocation.framework */,
				34384E9D1FF93A1200E607EC /* CoreGraphics.framework */,
				34384E9B1FF93A0D00E607EC /* CFNetwork.framework */,
				34384E991FF93A0400E607EC /* AudioToolbox.framework */,
				34384E971FF939F800E607EC /* libz.tbd */,
				34384E951FF939E900E607EC /* libsqlite3.0.tbd */,
				103EC1040016F3DDCDD27B01 /* Pods_SBInstargram.framework */,
			);
			name = Frameworks;
			sourceTree = "<group>";
		};
		5E679A5F230F2C05D2534A46 /* Pods */ = {
			isa = PBXGroup;
			children = (
				8C78281E43C26CA98F805A2B /* Pods-SBInstargram.debug.xcconfig */,
				B4BE7B82B2CD2F45FAE26241 /* Pods-SBInstargram.release.xcconfig */,
			);
			name = Pods;
			sourceTree = "<group>";
		};
/* End PBXGroup section */

/* Begin PBXNativeTarget section */
		34384E7E1FF939C000E607EC /* SBInstargram */ = {
			isa = PBXNativeTarget;
			buildConfigurationList = 34384E911FF939C000E607EC /* Build configuration list for PBXNativeTarget "SBInstargram" */;
			buildPhases = (
				F43F29F19C46E0C7E85FA43B /* [CP] Check Pods Manifest.lock */,
				34384E7B1FF939C000E607EC /* Sources */,
				34384E7C1FF939C000E607EC /* Frameworks */,
				34384E7D1FF939C000E607EC /* Resources */,
				244EFF906C8A71363E8D42D8 /* [CP] Embed Pods Frameworks */,
				D23AEB440F6CC98DC93FB552 /* [CP] Copy Pods Resources */,
			);
			buildRules = (
			);
			dependencies = (
			);
			name = SBInstargram;
			productName = SBInstargram;
			productReference = 34384E7F1FF939C000E607EC /* SBInstargram.app */;
			productType = "com.apple.product-type.application";
		};
/* End PBXNativeTarget section */

/* Begin PBXProject section */
		34384E771FF939C000E607EC /* Project object */ = {
			isa = PBXProject;
			attributes = {
				LastSwiftUpdateCheck = 0920;
				LastUpgradeCheck = 0920;
				ORGANIZATIONNAME = "Scott moon";
				TargetAttributes = {
					34384E7E1FF939C000E607EC = {
						CreatedOnToolsVersion = 9.2;
						ProvisioningStyle = Automatic;
					};
				};
			};
			buildConfigurationList = 34384E7A1FF939C000E607EC /* Build configuration list for PBXProject "SBInstargram" */;
			compatibilityVersion = "Xcode 8.0";
			developmentRegion = en;
			hasScannedForEncodings = 0;
			knownRegions = (
				en,
				Base,
			);
			mainGroup = 34384E761FF939C000E607EC;
			productRefGroup = 34384E801FF939C000E607EC /* Products */;
			projectDirPath = "";
			projectRoot = "";
			targets = (
				34384E7E1FF939C000E607EC /* SBInstargram */,
			);
		};
/* End PBXProject section */

/* Begin PBXResourcesBuildPhase section */
		34384E7D1FF939C000E607EC /* Resources */ = {
			isa = PBXResourcesBuildPhase;
			buildActionMask = 2147483647;
			files = (
				34384E8D1FF939C000E607EC /* LaunchScreen.storyboard in Resources */,
				34384E8A1FF939C000E607EC /* Assets.xcassets in Resources */,
				34384E881FF939C000E607EC /* Main.storyboard in Resources */,
			);
			runOnlyForDeploymentPostprocessing = 0;
		};
/* End PBXResourcesBuildPhase section */

/* Begin PBXShellScriptBuildPhase section */
		244EFF906C8A71363E8D42D8 /* [CP] Embed Pods Frameworks */ = {
			isa = PBXShellScriptBuildPhase;
			buildActionMask = 2147483647;
			files = (
			);
			inputPaths = (
				"${SRCROOT}/Pods/Target Support Files/Pods-SBInstargram/Pods-SBInstargram-frameworks.sh",
				"${BUILT_PRODUCTS_DIR}/Bolts/Bolts.framework",
				"${BUILT_PRODUCTS_DIR}/Parse/Parse.framework",
			);
			name = "[CP] Embed Pods Frameworks";
			outputPaths = (
				"${TARGET_BUILD_DIR}/${FRAMEWORKS_FOLDER_PATH}/Bolts.framework",
				"${TARGET_BUILD_DIR}/${FRAMEWORKS_FOLDER_PATH}/Parse.framework",
			);
			runOnlyForDeploymentPostprocessing = 0;
			shellPath = /bin/sh;
			shellScript = "\"${SRCROOT}/Pods/Target Support Files/Pods-SBInstargram/Pods-SBInstargram-frameworks.sh\"\n";
			showEnvVarsInLog = 0;
		};
		D23AEB440F6CC98DC93FB552 /* [CP] Copy Pods Resources */ = {
			isa = PBXShellScriptBuildPhase;
			buildActionMask = 2147483647;
			files = (
			);
			inputPaths = (
			);
			name = "[CP] Copy Pods Resources";
			outputPaths = (
			);
			runOnlyForDeploymentPostprocessing = 0;
			shellPath = /bin/sh;
			shellScript = "\"${SRCROOT}/Pods/Target Support Files/Pods-SBInstargram/Pods-SBInstargram-resources.sh\"\n";
			showEnvVarsInLog = 0;
		};
		F43F29F19C46E0C7E85FA43B /* [CP] Check Pods Manifest.lock */ = {
			isa = PBXShellScriptBuildPhase;
			buildActionMask = 2147483647;
			files = (
			);
			inputPaths = (
				"${PODS_PODFILE_DIR_PATH}/Podfile.lock",
				"${PODS_ROOT}/Manifest.lock",
			);
			name = "[CP] Check Pods Manifest.lock";
			outputPaths = (
				"$(DERIVED_FILE_DIR)/Pods-SBInstargram-checkManifestLockResult.txt",
			);
			runOnlyForDeploymentPostprocessing = 0;
			shellPath = /bin/sh;
			shellScript = "diff \"${PODS_PODFILE_DIR_PATH}/Podfile.lock\" \"${PODS_ROOT}/Manifest.lock\" > /dev/null\nif [ $? != 0 ] ; then\n    # print error to STDERR\n    echo \"error: The sandbox is not in sync with the Podfile.lock. Run 'pod install' or update your CocoaPods installation.\" >&2\n    exit 1\nfi\n# This output is used by Xcode 'outputs' to avoid re-running this script phase.\necho \"SUCCESS\" > \"${SCRIPT_OUTPUT_FILE_0}\"\n";
			showEnvVarsInLog = 0;
		};
/* End PBXShellScriptBuildPhase section */

/* Begin PBXSourcesBuildPhase section */
		34384E7B1FF939C000E607EC /* Sources */ = {
			isa = PBXSourcesBuildPhase;
			buildActionMask = 2147483647;
			files = (
				34384E851FF939C000E607EC /* ViewController.swift in Sources */,
				34384E831FF939C000E607EC /* AppDelegate.swift in Sources */,
			);
			runOnlyForDeploymentPostprocessing = 0;
		};
/* End PBXSourcesBuildPhase section */

/* Begin PBXVariantGroup section */
		34384E861FF939C000E607EC /* Main.storyboard */ = {
			isa = PBXVariantGroup;
			children = (
				34384E871FF939C000E607EC /* Base */,
			);
			name = Main.storyboard;
			sourceTree = "<group>";
		};
		34384E8B1FF939C000E607EC /* LaunchScreen.storyboard */ = {
			isa = PBXVariantGroup;
			children = (
				34384E8C1FF939C000E607EC /* Base */,
			);
			name = LaunchScreen.storyboard;
			sourceTree = "<group>";
		};
/* End PBXVariantGroup section */

/* Begin XCBuildConfiguration section */
		34384E8F1FF939C000E607EC /* Debug */ = {
			isa = XCBuildConfiguration;
			buildSettings = {
				ALWAYS_SEARCH_USER_PATHS = NO;
				CLANG_ANALYZER_NONNULL = YES;
				CLANG_ANALYZER_NUMBER_OBJECT_CONVERSION = YES_AGGRESSIVE;
				CLANG_CXX_LANGUAGE_STANDARD = "gnu++14";
				CLANG_CXX_LIBRARY = "libc++";
				CLANG_ENABLE_MODULES = YES;
				CLANG_ENABLE_OBJC_ARC = YES;
				CLANG_WARN_BLOCK_CAPTURE_AUTORELEASING = YES;
				CLANG_WARN_BOOL_CONVERSION = YES;
				CLANG_WARN_COMMA = YES;
				CLANG_WARN_CONSTANT_CONVERSION = YES;
				CLANG_WARN_DIRECT_OBJC_ISA_USAGE = YES_ERROR;
				CLANG_WARN_DOCUMENTATION_COMMENTS = YES;
				CLANG_WARN_EMPTY_BODY = YES;
				CLANG_WARN_ENUM_CONVERSION = YES;
				CLANG_WARN_INFINITE_RECURSION = YES;
				CLANG_WARN_INT_CONVERSION = YES;
				CLANG_WARN_NON_LITERAL_NULL_CONVERSION = YES;
				CLANG_WARN_OBJC_LITERAL_CONVERSION = YES;
				CLANG_WARN_OBJC_ROOT_CLASS = YES_ERROR;
				CLANG_WARN_RANGE_LOOP_ANALYSIS = YES;
				CLANG_WARN_STRICT_PROTOTYPES = YES;
				CLANG_WARN_SUSPICIOUS_MOVE = YES;
				CLANG_WARN_UNGUARDED_AVAILABILITY = YES_AGGRESSIVE;
				CLANG_WARN_UNREACHABLE_CODE = YES;
				CLANG_WARN__DUPLICATE_METHOD_MATCH = YES;
				CODE_SIGN_IDENTITY = "iPhone Developer";
				COPY_PHASE_STRIP = NO;
				DEBUG_INFORMATION_FORMAT = dwarf;
				ENABLE_STRICT_OBJC_MSGSEND = YES;
				ENABLE_TESTABILITY = YES;
				GCC_C_LANGUAGE_STANDARD = gnu11;
				GCC_DYNAMIC_NO_PIC = NO;
				GCC_NO_COMMON_BLOCKS = YES;
				GCC_OPTIMIZATION_LEVEL = 0;
				GCC_PREPROCESSOR_DEFINITIONS = (
					"DEBUG=1",
					"$(inherited)",
				);
				GCC_WARN_64_TO_32_BIT_CONVERSION = YES;
				GCC_WARN_ABOUT_RETURN_TYPE = YES_ERROR;
				GCC_WARN_UNDECLARED_SELECTOR = YES;
				GCC_WARN_UNINITIALIZED_AUTOS = YES_AGGRESSIVE;
				GCC_WARN_UNUSED_FUNCTION = YES;
				GCC_WARN_UNUSED_VARIABLE = YES;
				IPHONEOS_DEPLOYMENT_TARGET = 11.2;
				MTL_ENABLE_DEBUG_INFO = YES;
				ONLY_ACTIVE_ARCH = YES;
				SDKROOT = iphoneos;
				SWIFT_ACTIVE_COMPILATION_CONDITIONS = DEBUG;
				SWIFT_OPTIMIZATION_LEVEL = "-Onone";
			};
			name = Debug;
		};
		34384E901FF939C000E607EC /* Release */ = {
			isa = XCBuildConfiguration;
			buildSettings = {
				ALWAYS_SEARCH_USER_PATHS = NO;
				CLANG_ANALYZER_NONNULL = YES;
				CLANG_ANALYZER_NUMBER_OBJECT_CONVERSION = YES_AGGRESSIVE;
				CLANG_CXX_LANGUAGE_STANDARD = "gnu++14";
				CLANG_CXX_LIBRARY = "libc++";
				CLANG_ENABLE_MODULES = YES;
				CLANG_ENABLE_OBJC_ARC = YES;
				CLANG_WARN_BLOCK_CAPTURE_AUTORELEASING = YES;
				CLANG_WARN_BOOL_CONVERSION = YES;
				CLANG_WARN_COMMA = YES;
				CLANG_WARN_CONSTANT_CONVERSION = YES;
				CLANG_WARN_DIRECT_OBJC_ISA_USAGE = YES_ERROR;
				CLANG_WARN_DOCUMENTATION_COMMENTS = YES;
				CLANG_WARN_EMPTY_BODY = YES;
				CLANG_WARN_ENUM_CONVERSION = YES;
				CLANG_WARN_INFINITE_RECURSION = YES;
				CLANG_WARN_INT_CONVERSION = YES;
				CLANG_WARN_NON_LITERAL_NULL_CONVERSION = YES;
				CLANG_WARN_OBJC_LITERAL_CONVERSION = YES;
				CLANG_WARN_OBJC_ROOT_CLASS = YES_ERROR;
				CLANG_WARN_RANGE_LOOP_ANALYSIS = YES;
				CLANG_WARN_STRICT_PROTOTYPES = YES;
				CLANG_WARN_SUSPICIOUS_MOVE = YES;
				CLANG_WARN_UNGUARDED_AVAILABILITY = YES_AGGRESSIVE;
				CLANG_WARN_UNREACHABLE_CODE = YES;
				CLANG_WARN__DUPLICATE_METHOD_MATCH = YES;
				CODE_SIGN_IDENTITY = "iPhone Developer";
				COPY_PHASE_STRIP = NO;
				DEBUG_INFORMATION_FORMAT = "dwarf-with-dsym";
				ENABLE_NS_ASSERTIONS = NO;
				ENABLE_STRICT_OBJC_MSGSEND = YES;
				GCC_C_LANGUAGE_STANDARD = gnu11;
				GCC_NO_COMMON_BLOCKS = YES;
				GCC_WARN_64_TO_32_BIT_CONVERSION = YES;
				GCC_WARN_ABOUT_RETURN_TYPE = YES_ERROR;
				GCC_WARN_UNDECLARED_SELECTOR = YES;
				GCC_WARN_UNINITIALIZED_AUTOS = YES_AGGRESSIVE;
				GCC_WARN_UNUSED_FUNCTION = YES;
				GCC_WARN_UNUSED_VARIABLE = YES;
				IPHONEOS_DEPLOYMENT_TARGET = 11.2;
				MTL_ENABLE_DEBUG_INFO = NO;
				SDKROOT = iphoneos;
				SWIFT_OPTIMIZATION_LEVEL = "-Owholemodule";
				VALIDATE_PRODUCT = YES;
			};
			name = Release;
		};
		34384E921FF939C000E607EC /* Debug */ = {
			isa = XCBuildConfiguration;
			baseConfigurationReference = 8C78281E43C26CA98F805A2B /* Pods-SBInstargram.debug.xcconfig */;
			buildSettings = {
				ASSETCATALOG_COMPILER_APPICON_NAME = AppIcon;
				CODE_SIGN_STYLE = Automatic;
				DEVELOPMENT_TEAM = FNDVP9SLK2;
				INFOPLIST_FILE = SBInstargram/Info.plist;
				LD_RUNPATH_SEARCH_PATHS = "$(inherited) @executable_path/Frameworks";
				PRODUCT_BUNDLE_IDENTIFIER = git.scottmoon.SBInstargram;
				PRODUCT_NAME = "$(TARGET_NAME)";
				SWIFT_VERSION = 4.0;
				TARGETED_DEVICE_FAMILY = "1,2";
			};
			name = Debug;
		};
		34384E931FF939C000E607EC /* Release */ = {
			isa = XCBuildConfiguration;
			baseConfigurationReference = B4BE7B82B2CD2F45FAE26241 /* Pods-SBInstargram.release.xcconfig */;
			buildSettings = {
				ASSETCATALOG_COMPILER_APPICON_NAME = AppIcon;
				CODE_SIGN_STYLE = Automatic;
				DEVELOPMENT_TEAM = FNDVP9SLK2;
				INFOPLIST_FILE = SBInstargram/Info.plist;
				LD_RUNPATH_SEARCH_PATHS = "$(inherited) @executable_path/Frameworks";
				PRODUCT_BUNDLE_IDENTIFIER = git.scottmoon.SBInstargram;
				PRODUCT_NAME = "$(TARGET_NAME)";
				SWIFT_VERSION = 4.0;
				TARGETED_DEVICE_FAMILY = "1,2";
			};
			name = Release;
		};
/* End XCBuildConfiguration section */

/* Begin XCConfigurationList section */
		34384E7A1FF939C000E607EC /* Build configuration list for PBXProject "SBInstargram" */ = {
			isa = XCConfigurationList;
			buildConfigurations = (
				34384E8F1FF939C000E607EC /* Debug */,
				34384E901FF939C000E607EC /* Release */,
			);
			defaultConfigurationIsVisible = 0;
			defaultConfigurationName = Release;
		};
		34384E911FF939C000E607EC /* Build configuration list for PBXNativeTarget "SBInstargram" */ = {
			isa = XCConfigurationList;
			buildConfigurations = (
				34384E921FF939C000E607EC /* Debug */,
				34384E931FF939C000E607EC /* Release */,
			);
			defaultConfigurationIsVisible = 0;
			defaultConfigurationName = Release;
		};
/* End XCConfigurationList section */
	};
	rootObject = 34384E771FF939C000E607EC /* Project object */;
}
